// !$*UTF8*$!
{
	archiveVersion = 1;
	classes = {
	};
	objectVersion = 46;
	objects = {

/* Begin PBXBuildFile section */
		CF097BBA1D85383B0099A5DB /* AppDelegate.swift in Sources */ = {isa = PBXBuildFile; fileRef = CF097BB91D85383B0099A5DB /* AppDelegate.swift */; };
		CF097BBC1D85383B0099A5DB /* MasterViewController.swift in Sources */ = {isa = PBXBuildFile; fileRef = CF097BBB1D85383B0099A5DB /* MasterViewController.swift */; };
		CF097BBE1D85383B0099A5DB /* DetailViewController.swift in Sources */ = {isa = PBXBuildFile; fileRef = CF097BBD1D85383B0099A5DB /* DetailViewController.swift */; };
		CF097BC11D85383B0099A5DB /* Main.storyboard in Resources */ = {isa = PBXBuildFile; fileRef = CF097BBF1D85383B0099A5DB /* Main.storyboard */; };
		CF097BC31D85383B0099A5DB /* Assets.xcassets in Resources */ = {isa = PBXBuildFile; fileRef = CF097BC21D85383B0099A5DB /* Assets.xcassets */; };
		CF097BC61D85383B0099A5DB /* LaunchScreen.storyboard in Resources */ = {isa = PBXBuildFile; fileRef = CF097BC41D85383B0099A5DB /* LaunchScreen.storyboard */; };
/* End PBXBuildFile section */

/* Begin PBXFileReference section */
		CF097BB61D85383B0099A5DB /* JsonDataTEST.app */ = {isa = PBXFileReference; explicitFileType = wrapper.application; includeInIndex = 0; path = JsonDataTEST.app; sourceTree = BUILT_PRODUCTS_DIR; };
		CF097BB91D85383B0099A5DB /* AppDelegate.swift */ = {isa = PBXFileReference; lastKnownFileType = sourcecode.swift; path = AppDelegate.swift; sourceTree = "<group>"; };
		CF097BBB1D85383B0099A5DB /* MasterViewController.swift */ = {isa = PBXFileReference; lastKnownFileType = sourcecode.swift; path = MasterViewController.swift; sourceTree = "<group>"; };
		CF097BBD1D85383B0099A5DB /* DetailViewController.swift */ = {isa = PBXFileReference; lastKnownFileType = sourcecode.swift; path = DetailViewController.swift; sourceTree = "<group>"; };
		CF097BC01D85383B0099A5DB /* Base */ = {isa = PBXFileReference; lastKnownFileType = file.storyboard; name = Base; path = Base.lproj/Main.storyboard; sourceTree = "<group>"; };
		CF097BC21D85383B0099A5DB /* Assets.xcassets */ = {isa = PBXFileReference; lastKnownFileType = folder.assetcatalog; path = Assets.xcassets; sourceTree = "<group>"; };
		CF097BC51D85383B0099A5DB /* Base */ = {isa = PBXFileReference; lastKnownFileType = file.storyboard; name = Base; path = Base.lproj/LaunchScreen.storyboard; sourceTree = "<group>"; };
		CF097BC71D85383B0099A5DB /* Info.plist */ = {isa = PBXFileReference; lastKnownFileType = text.plist.xml; path = Info.plist; sourceTree = "<group>"; };
/* End PBXFileReference section */

/* Begin PBXFrameworksBuildPhase section */
		CF097BB31D85383B0099A5DB /* Frameworks */ = {
			isa = PBXFrameworksBuildPhase;
			buildActionMask = 2147483647;
			files = (
			);
			runOnlyForDeploymentPostprocessing = 0;
		};
/* End PBXFrameworksBuildPhase section */

/* Begin PBXGroup section */
		CF097BAD1D85383B0099A5DB = {
			isa = PBXGroup;
			children = (
				CF097BB81D85383B0099A5DB /* JsonDataTEST */,
				CF097BB71D85383B0099A5DB /* Products */,
			);
			sourceTree = "<group>";
		};
		CF097BB71D85383B0099A5DB /* Products */ = {
			isa = PBXGroup;
			children = (
				CF097BB61D85383B0099A5DB /* JsonDataTEST.app */,
			);
			name = Products;
			sourceTree = "<group>";
		};
		CF097BB81D85383B0099A5DB /* JsonDataTEST */ = {
			isa = PBXGroup;
			children = (
				CF097BB91D85383B0099A5DB /* AppDelegate.swift */,
				CF097BBB1D85383B0099A5DB /* MasterViewController.swift */,
				CF097BBD1D85383B0099A5DB /* DetailViewController.swift */,
				CF097BBF1D85383B0099A5DB /* Main.storyboard */,
				CF097BC21D85383B0099A5DB /* Assets.xcassets */,
				CF097BC41D85383B0099A5DB /* LaunchScreen.storyboard */,
				CF097BC71D85383B0099A5DB /* Info.plist */,
			);
			path = JsonDataTEST;
			sourceTree = "<group>";
		};
/* End PBXGroup section */

/* Begin PBXNativeTarget section */
		CF097BB51D85383B0099A5DB /* JsonDataTEST */ = {
			isa = PBXNativeTarget;
			buildConfigurationList = CF097BCA1D85383B0099A5DB /* Build configuration list for PBXNativeTarget "JsonDataTEST" */;
			buildPhases = (
				CF097BB21D85383B0099A5DB /* Sources */,
				CF097BB31D85383B0099A5DB /* Frameworks */,
				CF097BB41D85383B0099A5DB /* Resources */,
			);
			buildRules = (
			);
			dependencies = (
			);
			name = JsonDataTEST;
			productName = JsonDataTEST;
			productReference = CF097BB61D85383B0099A5DB /* JsonDataTEST.app */;
			productType = "com.apple.product-type.application";
		};
/* End PBXNativeTarget section */

/* Begin PBXProject section */
		CF097BAE1D85383B0099A5DB /* Project object */ = {
			isa = PBXProject;
			attributes = {
				LastSwiftUpdateCheck = 0730;
				LastUpgradeCheck = 0730;
				ORGANIZATIONNAME = "Chen-Chia-Yen";
				TargetAttributes = {
					CF097BB51D85383B0099A5DB = {
						CreatedOnToolsVersion = 7.3.1;
						DevelopmentTeam = HJMW7T27T7;
					};
				};
			};
			buildConfigurationList = CF097BB11D85383B0099A5DB /* Build configuration list for PBXProject "JsonDataTEST" */;
			compatibilityVersion = "Xcode 3.2";
			developmentRegion = English;
			hasScannedForEncodings = 0;
			knownRegions = (
				en,
				Base,
			);
			mainGroup = CF097BAD1D85383B0099A5DB;
			productRefGroup = CF097BB71D85383B0099A5DB /* Products */;
			projectDirPath = "";
			projectRoot = "";
			targets = (
				CF097BB51D85383B0099A5DB /* JsonDataTEST */,
			);
		};
/* End PBXProject section */

/* Begin PBXResourcesBuildPhase section */
		CF097BB41D85383B0099A5DB /* Resources */ = {
			isa = PBXResourcesBuildPhase;
			buildActionMask = 2147483647;
			files = (
				CF097BC61D85383B0099A5DB /* LaunchScreen.storyboard in Resources */,
				CF097BC31D85383B0099A5DB /* Assets.xcassets in Resources */,
				CF097BC11D85383B0099A5DB /* Main.storyboard in Resources */,
			);
			runOnlyForDeploymentPostprocessing = 0;
		};
/* End PBXResourcesBuildPhase section */

/* Begin PBXSourcesBuildPhase section */
		CF097BB21D85383B0099A5DB /* Sources */ = {
			isa = PBXSourcesBuildPhase;
			buildActionMask = 2147483647;
			files = (
				CF097BBE1D85383B0099A5DB /* DetailViewController.swift in Sources */,
				CF097BBC1D85383B0099A5DB /* MasterViewController.swift in Sources */,
				CF097BBA1D85383B0099A5DB /* AppDelegate.swift in Sources */,
			);
			runOnlyForDeploymentPostprocessing = 0;
		};
/* End PBXSourcesBuildPhase section */

/* Begin PBXVariantGroup section */
		CF097BBF1D85383B0099A5DB /* Main.storyboard */ = {
			isa = PBXVariantGroup;
			children = (
				CF097BC01D85383B0099A5DB /* Base */,
			);
			name = Main.storyboard;
			sourceTree = "<group>";
		};
		CF097BC41D85383B0099A5DB /* LaunchScreen.storyboard */ = {
			isa = PBXVariantGroup;
			children = (
				CF097BC51D85383B0099A5DB /* Base */,
			);
			name = LaunchScreen.storyboard;
			sourceTree = "<group>";
		};
/* End PBXVariantGroup section */

/* Begin XCBuildConfiguration section */
		CF097BC81D85383B0099A5DB /* Debug */ = {
			isa = XCBuildConfiguration;
			buildSettings = {
				ALWAYS_SEARCH_USER_PATHS = NO;
				CLANG_ANALYZER_NONNULL = YES;
				CLANG_CXX_LANGUAGE_STANDARD = "gnu++0x";
				CLANG_CXX_LIBRARY = "libc++";
				CLANG_ENABLE_MODULES = YES;
				CLANG_ENABLE_OBJC_ARC = YES;
				CLANG_WARN_BOOL_CONVERSION = YES;
				CLANG_WARN_CONSTANT_CONVERSION = YES;
				CLANG_WARN_DIRECT_OBJC_ISA_USAGE = YES_ERROR;
				CLANG_WARN_EMPTY_BODY = YES;
				CLANG_WARN_ENUM_CONVERSION = YES;
				CLANG_WARN_INT_CONVERSION = YES;
				CLANG_WARN_OBJC_ROOT_CLASS = YES_ERROR;
				CLANG_WARN_UNREACHABLE_CODE = YES;
				CLANG_WARN__DUPLICATE_METHOD_MATCH = YES;
				"CODE_SIGN_IDENTITY[sdk=iphoneos*]" = "iPhone Developer";
				COPY_PHASE_STRIP = NO;
				DEBUG_INFORMATION_FORMAT = dwarf;
				ENABLE_STRICT_OBJC_MSGSEND = YES;
				ENABLE_TESTABILITY = YES;
				GCC_C_LANGUAGE_STANDARD = gnu99;
				GCC_DYNAMIC_NO_PIC = NO;
				GCC_NO_COMMON_BLOCKS = YES;
				GCC_OPTIMIZATION_LEVEL = 0;
				GCC_PREPROCESSOR_DEFINITIONS = (
					"DEBUG=1",
					"$(inherited)",
				);
				GCC_WARN_64_TO_32_BIT_CONVERSION = YES;
				GCC_WARN_ABOUT_RETURN_TYPE = YES_ERROR;
				GCC_WARN_UNDECLARED_SELECTOR = YES;
				GCC_WARN_UNINITIALIZED_AUTOS = YES_AGGRESSIVE;
				GCC_WARN_UNUSED_FUNCTION = YES;
				GCC_WARN_UNUSED_VARIABLE = YES;
				IPHONEOS_DEPLOYMENT_TARGET = 9.3;
				MTL_ENABLE_DEBUG_INFO = YES;
				ONLY_ACTIVE_ARCH = YES;
				SDKROOT = iphoneos;
				SWIFT_OPTIMIZATION_LEVEL = "-Onone";
			};
			name = Debug;
		};
		CF097BC91D85383B0099A5DB /* Release */ = {
			isa = XCBuildConfiguration;
			buildSettings = {
				ALWAYS_SEARCH_USER_PATHS = NO;
				CLANG_ANALYZER_NONNULL = YES;
				CLANG_CXX_LANGUAGE_STANDARD = "gnu++0x";
				CLANG_CXX_LIBRARY = "libc++";
				CLANG_ENABLE_MODULES = YES;
				CLANG_ENABLE_OBJC_ARC = YES;
				CLANG_WARN_BOOL_CONVERSION = YES;
				CLANG_WARN_CONSTANT_CONVERSION = YES;
				CLANG_WARN_DIRECT_OBJC_ISA_USAGE = YES_ERROR;
				CLANG_WARN_EMPTY_BODY = YES;
				CLANG_WARN_ENUM_CONVERSION = YES;
				CLANG_WARN_INT_CONVERSION = YES;
				CLANG_WARN_OBJC_ROOT_CLASS = YES_ERROR;
				CLANG_WARN_UNREACHABLE_CODE = YES;
				CLANG_WARN__DUPLICATE_METHOD_MATCH = YES;
				"CODE_SIGN_IDENTITY[sdk=iphoneos*]" = "iPhone Developer";
				COPY_PHASE_STRIP = NO;
				DEBUG_INFORMATION_FORMAT = "dwarf-with-dsym";
				ENABLE_NS_ASSERTIONS = NO;
				ENABLE_STRICT_OBJC_MSGSEND = YES;
				GCC_C_LANGUAGE_STANDARD = gnu99;
				GCC_NO_COMMON_BLOCKS = YES;
				GCC_WARN_64_TO_32_BIT_CONVERSION = YES;
				GCC_WARN_ABOUT_RETURN_TYPE = YES_ERROR;
				GCC_WARN_UNDECLARED_SELECTOR = YES;
				GCC_WARN_UNINITIALIZED_AUTOS = YES_AGGRESSIVE;
				GCC_WARN_UNUSED_FUNCTION = YES;
				GCC_WARN_UNUSED_VARIABLE = YES;
				IPHONEOS_DEPLOYMENT_TARGET = 9.3;
				MTL_ENABLE_DEBUG_INFO = NO;
				SDKROOT = iphoneos;
				VALIDATE_PRODUCT = YES;
			};
			name = Release;
		};
		CF097BCB1D85383B0099A5DB /* Debug */ = {
			isa = XCBuildConfiguration;
			buildSettings = {
				ASSETCATALOG_COMPILER_APPICON_NAME = AppIcon;
				INFOPLIST_FILE = JsonDataTEST/Info.plist;
				LD_RUNPATH_SEARCH_PATHS = "$(inherited) @executable_path/Frameworks";
				PRODUCT_BUNDLE_IDENTIFIER = "Chen-Chia-Yen.JsonDataTEST";
				PRODUCT_NAME = "$(TARGET_NAME)";
			};
			name = Debug;
		};
		CF097BCC1D85383B0099A5DB /* Release */ = {
			isa = XCBuildConfiguration;
			buildSettings = {
				ASSETCATALOG_COMPILER_APPICON_NAME = AppIcon;
				INFOPLIST_FILE = JsonDataTEST/Info.plist;
				LD_RUNPATH_SEARCH_PATHS = "$(inherited) @executable_path/Frameworks";
				PRODUCT_BUNDLE_IDENTIFIER = "Chen-Chia-Yen.JsonDataTEST";
				PRODUCT_NAME = "$(TARGET_NAME)";
			};
			name = Release;
		};
/* End XCBuildConfiguration section */

/* Begin XCConfigurationList section */
		CF097BB11D85383B0099A5DB /* Build configuration list for PBXProject "JsonDataTEST" */ = {
			isa = XCConfigurationList;
			buildConfigurations = (
				CF097BC81D85383B0099A5DB /* Debug */,
				CF097BC91D85383B0099A5DB /* Release */,
			);
			defaultConfigurationIsVisible = 0;
			defaultConfigurationName = Release;
		};
		CF097BCA1D85383B0099A5DB /* Build configuration list for PBXNativeTarget "JsonDataTEST" */ = {
			isa = XCConfigurationList;
			buildConfigurations = (
				CF097BCB1D85383B0099A5DB /* Debug */,
				CF097BCC1D85383B0099A5DB /* Release */,
			);
			defaultConfigurationIsVisible = 0;
		};
/* End XCConfigurationList section */
	};
	rootObject = CF097BAE1D85383B0099A5DB /* Project object */;
}
